# This file is automatically @generated by Cargo.
# It is not intended for manual editing.
[[package]]
name = "m68k_reloaded_common"
version = "0.1.0"

[[package]]
name = "m68k_reloaded_parser"
version = "0.1.0"
dependencies = [
 "m68k_reloaded_common",
 "m68k_reloaded_scanner",
]

[[package]]
name = "m68k_reloaded_scanner"
version = "0.1.0"
dependencies = [
 "m68k_reloaded_common",
 "unicode-segmentation",
]

[[package]]
name = "unicode-segmentation"
version = "1.6.0"
source = "registry+https://github.com/rust-lang/crates.io-index"
checksum = "e83e153d1053cbb5a118eeff7fd5be06ed99153f00dbcd8ae310c5fb2b22edc0"
